
Microsoft Visual Studio Solution File, Format Version 12.00
# Visual Studio Version 17
VisualStudioVersion = 17.8.34330.188
MinimumVisualStudioVersion = 10.0.40219.1
Project("{9A19103F-16F7-4668-BE54-9A1E7A4F7556}") = "EAMS", "EAMS\EAMS.csproj", "{0E2B3F28-F694-4715-A33D-D6E31CFEB04E}"
EndProject
Global
	GlobalSection(SolutionConfigurationPlatforms) = preSolution
		Debug|Any CPU = Debug|Any CPU
		Release|Any CPU = Release|Any CPU
	EndGlobalSection
	GlobalSection(ProjectConfigurationPlatforms) = postSolution
		{0E2B3F28-F694-4715-A33D-D6E31CFEB04E}.Debug|Any CPU.ActiveCfg = Debug|Any CPU
		{0E2B3F28-F694-4715-A33D-D6E31CFEB04E}.Debug|Any CPU.Build.0 = Debug|Any CPU
		{0E2B3F28-F694-4715-A33D-D6E31CFEB04E}.Release|Any CPU.ActiveCfg = Release|Any CPU
		{0E2B3F28-F694-4715-A33D-D6E31CFEB04E}.Release|Any CPU.Build.0 = Release|Any CPU
	EndGlobalSection
	GlobalSection(SolutionProperties) = preSolution
		HideSolutionNode = FALSE
	EndGlobalSection
	GlobalSection(ExtensibilityGlobals) = postSolution
		SolutionGuid = {FA703E7F-2DC0-4696-BD33-5DAC72ADFF64}
	EndGlobalSection
EndGlobal
